// !$*UTF8*$!
{
	archiveVersion = 1;
	classes = {
	};
	objectVersion = 50;
	objects = {

/* Begin PBXBuildFile section */
		8C158E59247AB117004251DC /* AppDelegate.swift in Sources */ = {isa = PBXBuildFile; fileRef = 8C158E58247AB117004251DC /* AppDelegate.swift */; };
		8C158E5B247AB117004251DC /* SceneDelegate.swift in Sources */ = {isa = PBXBuildFile; fileRef = 8C158E5A247AB117004251DC /* SceneDelegate.swift */; };
		8C158E5D247AB117004251DC /* ContentView.swift in Sources */ = {isa = PBXBuildFile; fileRef = 8C158E5C247AB117004251DC /* ContentView.swift */; };
		8C158E5F247AB117004251DC /* Assets.xcassets in Resources */ = {isa = PBXBuildFile; fileRef = 8C158E5E247AB117004251DC /* Assets.xcassets */; };
		8C158E62247AB117004251DC /* Preview Assets.xcassets in Resources */ = {isa = PBXBuildFile; fileRef = 8C158E61247AB117004251DC /* Preview Assets.xcassets */; };
		8C158E65247AB117004251DC /* LaunchScreen.storyboard in Resources */ = {isa = PBXBuildFile; fileRef = 8C158E63247AB117004251DC /* LaunchScreen.storyboard */; };
		8C158E6D247D5C2F004251DC /* CardView.swift in Sources */ = {isa = PBXBuildFile; fileRef = 8C158E6C247D5C2F004251DC /* CardView.swift */; };
		8C50BFD2247F2C04005E632B /* CardModel.swift in Sources */ = {isa = PBXBuildFile; fileRef = 8C50BFD1247F2C04005E632B /* CardModel.swift */; };
		8CCC51CE2481709700787A65 /* CardData.swift in Sources */ = {isa = PBXBuildFile; fileRef = 8CCC51CD2481709700787A65 /* CardData.swift */; };
/* End PBXBuildFile section */

/* Begin PBXFileReference section */
		8C158E55247AB117004251DC /* learn by Doing.app */ = {isa = PBXFileReference; explicitFileType = wrapper.application; includeInIndex = 0; path = "learn by Doing.app"; sourceTree = BUILT_PRODUCTS_DIR; };
		8C158E58247AB117004251DC /* AppDelegate.swift */ = {isa = PBXFileReference; lastKnownFileType = sourcecode.swift; path = AppDelegate.swift; sourceTree = "<group>"; };
		8C158E5A247AB117004251DC /* SceneDelegate.swift */ = {isa = PBXFileReference; lastKnownFileType = sourcecode.swift; path = SceneDelegate.swift; sourceTree = "<group>"; };
		8C158E5C247AB117004251DC /* ContentView.swift */ = {isa = PBXFileReference; lastKnownFileType = sourcecode.swift; path = ContentView.swift; sourceTree = "<group>"; };
		8C158E5E247AB117004251DC /* Assets.xcassets */ = {isa = PBXFileReference; lastKnownFileType = folder.assetcatalog; path = Assets.xcassets; sourceTree = "<group>"; };
		8C158E61247AB117004251DC /* Preview Assets.xcassets */ = {isa = PBXFileReference; lastKnownFileType = folder.assetcatalog; path = "Preview Assets.xcassets"; sourceTree = "<group>"; };
		8C158E64247AB117004251DC /* Base */ = {isa = PBXFileReference; lastKnownFileType = file.storyboard; name = Base; path = Base.lproj/LaunchScreen.storyboard; sourceTree = "<group>"; };
		8C158E66247AB117004251DC /* Info.plist */ = {isa = PBXFileReference; lastKnownFileType = text.plist.xml; path = Info.plist; sourceTree = "<group>"; };
		8C158E6C247D5C2F004251DC /* CardView.swift */ = {isa = PBXFileReference; lastKnownFileType = sourcecode.swift; path = CardView.swift; sourceTree = "<group>"; };
		8C50BFD1247F2C04005E632B /* CardModel.swift */ = {isa = PBXFileReference; lastKnownFileType = sourcecode.swift; path = CardModel.swift; sourceTree = "<group>"; };
		8CCC51CD2481709700787A65 /* CardData.swift */ = {isa = PBXFileReference; lastKnownFileType = sourcecode.swift; path = CardData.swift; sourceTree = "<group>"; };
/* End PBXFileReference section */

/* Begin PBXFrameworksBuildPhase section */
		8C158E52247AB117004251DC /* Frameworks */ = {
			isa = PBXFrameworksBuildPhase;
			buildActionMask = 2147483647;
			files = (
			);
			runOnlyForDeploymentPostprocessing = 0;
		};
/* End PBXFrameworksBuildPhase section */

/* Begin PBXGroup section */
		8C158E4C247AB117004251DC = {
			isa = PBXGroup;
			children = (
				8C158E57247AB117004251DC /* learn by Doing */,
				8C158E56247AB117004251DC /* Products */,
			);
			sourceTree = "<group>";
		};
		8C158E56247AB117004251DC /* Products */ = {
			isa = PBXGroup;
			children = (
				8C158E55247AB117004251DC /* learn by Doing.app */,
			);
			name = Products;
			sourceTree = "<group>";
		};
		8C158E57247AB117004251DC /* learn by Doing */ = {
			isa = PBXGroup;
			children = (
				8C158E58247AB117004251DC /* AppDelegate.swift */,
				8C158E5A247AB117004251DC /* SceneDelegate.swift */,
				8C158E5C247AB117004251DC /* ContentView.swift */,
				8CCC51CD2481709700787A65 /* CardData.swift */,
				8C50BFD1247F2C04005E632B /* CardModel.swift */,
				8C158E5E247AB117004251DC /* Assets.xcassets */,
				8C158E63247AB117004251DC /* LaunchScreen.storyboard */,
				8C158E6C247D5C2F004251DC /* CardView.swift */,
				8C158E66247AB117004251DC /* Info.plist */,
				8C158E60247AB117004251DC /* Preview Content */,
			);
			path = "learn by Doing";
			sourceTree = "<group>";
		};
		8C158E60247AB117004251DC /* Preview Content */ = {
			isa = PBXGroup;
			children = (
				8C158E61247AB117004251DC /* Preview Assets.xcassets */,
			);
			path = "Preview Content";
			sourceTree = "<group>";
		};
/* End PBXGroup section */

/* Begin PBXNativeTarget section */
		8C158E54247AB117004251DC /* learn by Doing */ = {
			isa = PBXNativeTarget;
			buildConfigurationList = 8C158E69247AB117004251DC /* Build configuration list for PBXNativeTarget "learn by Doing" */;
			buildPhases = (
				8C158E51247AB117004251DC /* Sources */,
				8C158E52247AB117004251DC /* Frameworks */,
				8C158E53247AB117004251DC /* Resources */,
			);
			buildRules = (
			);
			dependencies = (
			);
			name = "learn by Doing";
			productName = "learn by Doing";
			productReference = 8C158E55247AB117004251DC /* learn by Doing.app */;
			productType = "com.apple.product-type.application";
		};
/* End PBXNativeTarget section */

/* Begin PBXProject section */
		8C158E4D247AB117004251DC /* Project object */ = {
			isa = PBXProject;
			attributes = {
				LastSwiftUpdateCheck = 1150;
				LastUpgradeCheck = 1150;
				ORGANIZATIONNAME = "Shohei Hayashi";
				TargetAttributes = {
					8C158E54247AB117004251DC = {
						CreatedOnToolsVersion = 11.5;
					};
				};
			};
			buildConfigurationList = 8C158E50247AB117004251DC /* Build configuration list for PBXProject "learn by Doing" */;
			compatibilityVersion = "Xcode 9.3";
			developmentRegion = en;
			hasScannedForEncodings = 0;
			knownRegions = (
				en,
				Base,
			);
			mainGroup = 8C158E4C247AB117004251DC;
			productRefGroup = 8C158E56247AB117004251DC /* Products */;
			projectDirPath = "";
			projectRoot = "";
			targets = (
				8C158E54247AB117004251DC /* learn by Doing */,
			);
		};
/* End PBXProject section */

/* Begin PBXResourcesBuildPhase section */
		8C158E53247AB117004251DC /* Resources */ = {
			isa = PBXResourcesBuildPhase;
			buildActionMask = 2147483647;
			files = (
				8C158E65247AB117004251DC /* LaunchScreen.storyboard in Resources */,
				8C158E62247AB117004251DC /* Preview Assets.xcassets in Resources */,
				8C158E5F247AB117004251DC /* Assets.xcassets in Resources */,
			);
			runOnlyForDeploymentPostprocessing = 0;
		};
/* End PBXResourcesBuildPhase section */

/* Begin PBXSourcesBuildPhase section */
		8C158E51247AB117004251DC /* Sources */ = {
			isa = PBXSourcesBuildPhase;
			buildActionMask = 2147483647;
			files = (
				8C158E59247AB117004251DC /* AppDelegate.swift in Sources */,
				8C158E5B247AB117004251DC /* SceneDelegate.swift in Sources */,
				8C158E6D247D5C2F004251DC /* CardView.swift in Sources */,
				8CCC51CE2481709700787A65 /* CardData.swift in Sources */,
				8C158E5D247AB117004251DC /* ContentView.swift in Sources */,
				8C50BFD2247F2C04005E632B /* CardModel.swift in Sources */,
			);
			runOnlyForDeploymentPostprocessing = 0;
		};
/* End PBXSourcesBuildPhase section */

/* Begin PBXVariantGroup section */
		8C158E63247AB117004251DC /* LaunchScreen.storyboard */ = {
			isa = PBXVariantGroup;
			children = (
				8C158E64247AB117004251DC /* Base */,
			);
			name = LaunchScreen.storyboard;
			sourceTree = "<group>";
		};
/* End PBXVariantGroup section */

/* Begin XCBuildConfiguration section */
		8C158E67247AB117004251DC /* Debug */ = {
			isa = XCBuildConfiguration;
			buildSettings = {
				ALWAYS_SEARCH_USER_PATHS = NO;
				CLANG_ANALYZER_NONNULL = YES;
				CLANG_ANALYZER_NUMBER_OBJECT_CONVERSION = YES_AGGRESSIVE;
				CLANG_CXX_LANGUAGE_STANDARD = "gnu++14";
				CLANG_CXX_LIBRARY = "libc++";
				CLANG_ENABLE_MODULES = YES;
				CLANG_ENABLE_OBJC_ARC = YES;
				CLANG_ENABLE_OBJC_WEAK = YES;
				CLANG_WARN_BLOCK_CAPTURE_AUTORELEASING = YES;
				CLANG_WARN_BOOL_CONVERSION = YES;
				CLANG_WARN_COMMA = YES;
				CLANG_WARN_CONSTANT_CONVERSION = YES;
				CLANG_WARN_DEPRECATED_OBJC_IMPLEMENTATIONS = YES;
				CLANG_WARN_DIRECT_OBJC_ISA_USAGE = YES_ERROR;
				CLANG_WARN_DOCUMENTATION_COMMENTS = YES;
				CLANG_WARN_EMPTY_BODY = YES;
				CLANG_WARN_ENUM_CONVERSION = YES;
				CLANG_WARN_INFINITE_RECURSION = YES;
				CLANG_WARN_INT_CONVERSION = YES;
				CLANG_WARN_NON_LITERAL_NULL_CONVERSION = YES;
				CLANG_WARN_OBJC_IMPLICIT_RETAIN_SELF = YES;
				CLANG_WARN_OBJC_LITERAL_CONVERSION = YES;
				CLANG_WARN_OBJC_ROOT_CLASS = YES_ERROR;
				CLANG_WARN_RANGE_LOOP_ANALYSIS = YES;
				CLANG_WARN_STRICT_PROTOTYPES = YES;
				CLANG_WARN_SUSPICIOUS_MOVE = YES;
				CLANG_WARN_UNGUARDED_AVAILABILITY = YES_AGGRESSIVE;
				CLANG_WARN_UNREACHABLE_CODE = YES;
				CLANG_WARN__DUPLICATE_METHOD_MATCH = YES;
				COPY_PHASE_STRIP = NO;
				DEBUG_INFORMATION_FORMAT = dwarf;
				ENABLE_STRICT_OBJC_MSGSEND = YES;
				ENABLE_TESTABILITY = YES;
				GCC_C_LANGUAGE_STANDARD = gnu11;
				GCC_DYNAMIC_NO_PIC = NO;
				GCC_NO_COMMON_BLOCKS = YES;
				GCC_OPTIMIZATION_LEVEL = 0;
				GCC_PREPROCESSOR_DEFINITIONS = (
					"DEBUG=1",
					"$(inherited)",
				);
				GCC_WARN_64_TO_32_BIT_CONVERSION = YES;
				GCC_WARN_ABOUT_RETURN_TYPE = YES_ERROR;
				GCC_WARN_UNDECLARED_SELECTOR = YES;
				GCC_WARN_UNINITIALIZED_AUTOS = YES_AGGRESSIVE;
				GCC_WARN_UNUSED_FUNCTION = YES;
				GCC_WARN_UNUSED_VARIABLE = YES;
				IPHONEOS_DEPLOYMENT_TARGET = 13.5;
				MTL_ENABLE_DEBUG_INFO = INCLUDE_SOURCE;
				MTL_FAST_MATH = YES;
				ONLY_ACTIVE_ARCH = YES;
				SDKROOT = iphoneos;
				SWIFT_ACTIVE_COMPILATION_CONDITIONS = DEBUG;
				SWIFT_OPTIMIZATION_LEVEL = "-Onone";
			};
			name = Debug;
		};
		8C158E68247AB117004251DC /* Release */ = {
			isa = XCBuildConfiguration;
			buildSettings = {
				ALWAYS_SEARCH_USER_PATHS = NO;
				CLANG_ANALYZER_NONNULL = YES;
				CLANG_ANALYZER_NUMBER_OBJECT_CONVERSION = YES_AGGRESSIVE;
				CLANG_CXX_LANGUAGE_STANDARD = "gnu++14";
				CLANG_CXX_LIBRARY = "libc++";
				CLANG_ENABLE_MODULES = YES;
				CLANG_ENABLE_OBJC_ARC = YES;
				CLANG_ENABLE_OBJC_WEAK = YES;
				CLANG_WARN_BLOCK_CAPTURE_AUTORELEASING = YES;
				CLANG_WARN_BOOL_CONVERSION = YES;
				CLANG_WARN_COMMA = YES;
				CLANG_WARN_CONSTANT_CONVERSION = YES;
				CLANG_WARN_DEPRECATED_OBJC_IMPLEMENTATIONS = YES;
				CLANG_WARN_DIRECT_OBJC_ISA_USAGE = YES_ERROR;
				CLANG_WARN_DOCUMENTATION_COMMENTS = YES;
				CLANG_WARN_EMPTY_BODY = YES;
				CLANG_WARN_ENUM_CONVERSION = YES;
				CLANG_WARN_INFINITE_RECURSION = YES;
				CLANG_WARN_INT_CONVERSION = YES;
				CLANG_WARN_NON_LITERAL_NULL_CONVERSION = YES;
				CLANG_WARN_OBJC_IMPLICIT_RETAIN_SELF = YES;
				CLANG_WARN_OBJC_LITERAL_CONVERSION = YES;
				CLANG_WARN_OBJC_ROOT_CLASS = YES_ERROR;
				CLANG_WARN_RANGE_LOOP_ANALYSIS = YES;
				CLANG_WARN_STRICT_PROTOTYPES = YES;
				CLANG_WARN_SUSPICIOUS_MOVE = YES;
				CLANG_WARN_UNGUARDED_AVAILABILITY = YES_AGGRESSIVE;
				CLANG_WARN_UNREACHABLE_CODE = YES;
				CLANG_WARN__DUPLICATE_METHOD_MATCH = YES;
				COPY_PHASE_STRIP = NO;
				DEBUG_INFORMATION_FORMAT = "dwarf-with-dsym";
				ENABLE_NS_ASSERTIONS = NO;
				ENABLE_STRICT_OBJC_MSGSEND = YES;
				GCC_C_LANGUAGE_STANDARD = gnu11;
				GCC_NO_COMMON_BLOCKS = YES;
				GCC_WARN_64_TO_32_BIT_CONVERSION = YES;
				GCC_WARN_ABOUT_RETURN_TYPE = YES_ERROR;
				GCC_WARN_UNDECLARED_SELECTOR = YES;
				GCC_WARN_UNINITIALIZED_AUTOS = YES_AGGRESSIVE;
				GCC_WARN_UNUSED_FUNCTION = YES;
				GCC_WARN_UNUSED_VARIABLE = YES;
				IPHONEOS_DEPLOYMENT_TARGET = 13.5;
				MTL_ENABLE_DEBUG_INFO = NO;
				MTL_FAST_MATH = YES;
				SDKROOT = iphoneos;
				SWIFT_COMPILATION_MODE = wholemodule;
				SWIFT_OPTIMIZATION_LEVEL = "-O";
				VALIDATE_PRODUCT = YES;
			};
			name = Release;
		};
		8C158E6A247AB117004251DC /* Debug */ = {
			isa = XCBuildConfiguration;
			buildSettings = {
				ASSETCATALOG_COMPILER_APPICON_NAME = AppIcon;
				CODE_SIGN_STYLE = Automatic;
				DEVELOPMENT_ASSET_PATHS = "\"learn by Doing/Preview Content\"";
				DEVELOPMENT_TEAM = 3GTSC8DL76;
				ENABLE_PREVIEWS = YES;
				INFOPLIST_FILE = "learn by Doing/Info.plist";
				LD_RUNPATH_SEARCH_PATHS = (
					"$(inherited)",
					"@executable_path/Frameworks",
				);
				PRODUCT_BUNDLE_IDENTIFIER = "com.shoheihayashi.learn-by-Doing202005";
				PRODUCT_NAME = "$(TARGET_NAME)";
				SWIFT_VERSION = 5.0;
				TARGETED_DEVICE_FAMILY = "1,2";
			};
			name = Debug;
		};
		8C158E6B247AB117004251DC /* Release */ = {
			isa = XCBuildConfiguration;
			buildSettings = {
				ASSETCATALOG_COMPILER_APPICON_NAME = AppIcon;
				CODE_SIGN_STYLE = Automatic;
				DEVELOPMENT_ASSET_PATHS = "\"learn by Doing/Preview Content\"";
				DEVELOPMENT_TEAM = 3GTSC8DL76;
				ENABLE_PREVIEWS = YES;
				INFOPLIST_FILE = "learn by Doing/Info.plist";
				LD_RUNPATH_SEARCH_PATHS = (
					"$(inherited)",
					"@executable_path/Frameworks",
				);
				PRODUCT_BUNDLE_IDENTIFIER = "com.shoheihayashi.learn-by-Doing202005";
				PRODUCT_NAME = "$(TARGET_NAME)";
				SWIFT_VERSION = 5.0;
				TARGETED_DEVICE_FAMILY = "1,2";
			};
			name = Release;
		};
/* End XCBuildConfiguration section */

/* Begin XCConfigurationList section */
		8C158E50247AB117004251DC /* Build configuration list for PBXProject "learn by Doing" */ = {
			isa = XCConfigurationList;
			buildConfigurations = (
				8C158E67247AB117004251DC /* Debug */,
				8C158E68247AB117004251DC /* Release */,
			);
			defaultConfigurationIsVisible = 0;
			defaultConfigurationName = Release;
		};
		8C158E69247AB117004251DC /* Build configuration list for PBXNativeTarget "learn by Doing" */ = {
			isa = XCConfigurationList;
			buildConfigurations = (
				8C158E6A247AB117004251DC /* Debug */,
				8C158E6B247AB117004251DC /* Release */,
			);
			defaultConfigurationIsVisible = 0;
			defaultConfigurationName = Release;
		};
/* End XCConfigurationList section */
	};
	rootObject = 8C158E4D247AB117004251DC /* Project object */;
}
